# This file is automatically @generated by Cargo.
# It is not intended for manual editing.
version = 4

[[package]]
name = "five8"
version = "1.0.0"
source = "registry+https://github.com/rust-lang/crates.io-index"
checksum = "23f76610e969fa1784327ded240f1e28a3fd9520c9cec93b636fcf62dd37f772"
dependencies = [
 "five8_core",
]

[[package]]
name = "five8_const"
version = "1.0.0"
source = "registry+https://github.com/rust-lang/crates.io-index"
checksum = "1a0f1728185f277989ca573a402716ae0beaaea3f76a8ff87ef9dd8fb19436c5"
dependencies = [
 "five8_core",
]

[[package]]
name = "five8_core"
version = "1.0.0"
source = "registry+https://github.com/rust-lang/crates.io-index"
checksum = "059c31d7d36c43fe39d89e55711858b4da8be7eb6dabac23c7289b1a19489406"

[[package]]
name = "machine-perps"
version = "0.1.0"
dependencies = [
 "pinocchio",
 "pinocchio-token",
 "solana-address",
 "solana-sha256-hasher",
]

[[package]]
name = "pinocchio"
version = "0.11.2"
source = "registry+https://github.com/rust-lang/crates.io-index"
checksum = "a6cababcb62a2e739c7078ae16eda02789a6e3edd21bbdded864e85c38a7914d"
dependencies = [
 "solana-account-view",
 "solana-address",
 "solana-define-syscall 5.2.0",
 "solana-instruction-view",
 "solana-program-error",
]

[[package]]
name = "pinocchio-token"
version = "0.7.0"
source = "registry+https://github.com/rust-lang/crates.io-index"
checksum = "217e3259f93a1520e4692b18653dad4d29af54ffc8b3a09819808be85dada074"
dependencies = [
 "solana-account-view",
 "solana-address",
 "solana-instruction-view",
 "solana-program-error",
]

[[package]]
name = "solana-account-view"
version = "2.1.0"
source = "registry+https://github.com/rust-lang/crates.io-index"
checksum = "1acd7ff34cf7f09e238921b5aa64d9e517b2e92642c153a5dc15d99c8e25af3d"
dependencies = [
 "solana-address",
 "solana-program-error",
]

[[package]]
name = "solana-address"
version = "2.9.0"
source = "registry+https://github.com/rust-lang/crates.io-index"
checksum = "451294fdd4dde59ae27213695e2333eaaa39035e1f099f68644d2aa3ca0e2edd"
dependencies = [
 "five8",
 "five8_const",
 "solana-define-syscall 5.2.0",
 "solana-program-error",
]

[[package]]
name = "solana-define-syscall"
version = "4.0.1"
source = "registry+https://github.com/rust-lang/crates.io-index"
checksum = "57e5b1c0bc1d4a4d10c88a4100499d954c09d3fecfae4912c1a074dff68b1738"

[[package]]
name = "solana-define-syscall"
version = "5.2.0"
source = "registry+https://github.com/rust-lang/crates.io-index"
checksum = "bf8209ece2bd9f1450e672858ffc0e5c8c786ff6916d2a862b126dd0128f380f"

[[package]]
name = "solana-hash"
version = "4.7.0"
source = "registry+https://github.com/rust-lang/crates.io-index"
checksum = "c7507df0d2c6350053d125e3df200976fdc68d2a942637d11ac657fe7220949a"

[[package]]
name = "solana-instruction-view"
version = "2.1.0"
source = "registry+https://github.com/rust-lang/crates.io-index"
checksum = "6ab7a27d0c4214b9f7389c3dd00b68c93093a67f1dcc5b7893aebe299bbcbb47"
dependencies = [
 "solana-account-view",
 "solana-address",
 "solana-define-syscall 5.2.0",
 "solana-program-error",
]

[[package]]
name = "solana-program-error"
version = "3.0.1"
source = "registry+https://github.com/rust-lang/crates.io-index"
checksum = "4f04fa578707b3612b095f0c8e19b66a1233f7c42ca8082fcb3b745afcc0add6"

[[package]]
name = "solana-sha256-hasher"
version = "3.1.0"
source = "registry+https://github.com/rust-lang/crates.io-index"
checksum = "db7dc3011ea4c0334aaaa7e7128cb390ecf546b28d412e9bf2064680f57f588f"
dependencies = [
 "solana-define-syscall 4.0.1",
 "solana-hash",
]
